<?xml version="1.0" encoding="utf-8"?>
<Project ToolsVersion="4.0" xmlns="http://schemas.microsoft.com/developer/msbuild/2003">
  <ItemGroup>
    <Filter Include="Zenith">
      <UniqueIdentifier>{F71731E1-E3B9-5BB7-CC74-6F0BB8B5E207}</UniqueIdentifier>
    </Filter>
  </ItemGroup>
  <ItemGroup>
    <ClInclude Include="src\Test.h" />
    <ClInclude Include="src\Zenith.h" />
    <ClInclude Include="src\Zenith\Application.h">
      <Filter>Zenith</Filter>
    </ClInclude>
    <ClInclude Include="src\Zenith\Core.h">
      <Filter>Zenith</Filter>
    </ClInclude>
    <ClInclude Include="src\Zenith\Entrypoint.h">
      <Filter>Zenith</Filter>
    </ClInclude>
    <ClInclude Include="src\Zenith\Log.h">
      <Filter>Zenith</Filter>
    </ClInclude>
  </ItemGroup>
  <ItemGroup>
    <ClCompile Include="src\Test.cpp" />
    <ClCompile Include="src\Zenith\Application.cpp">
      <Filter>Zenith</Filter>
    </ClCompile>
    <ClCompile Include="src\Zenith\Log.cpp">
      <Filter>Zenith</Filter>
    </ClCompile>
  </ItemGroup>
</Project>